
Microsoft Visual Studio Solution File, Format Version 12.00
Project("{FAE04EC0-301F-11D3-BF4B-00C04F79EFBC}") = "TestApp", "TestApp\TestApp.csproj", "{AE477A67-1585-4FE2-AE05-4508C6ED417B}"
EndProject
Global
	GlobalSection(SolutionConfigurationPlatforms) = preSolution
		Debug|Any CPU = Debug|Any CPU
		Release|Any CPU = Release|Any CPU
	EndGlobalSection
	GlobalSection(ProjectConfigurationPlatforms) = postSolution
		{AE477A67-1585-4FE2-AE05-4508C6ED417B}.Debug|Any CPU.ActiveCfg = Debug|Any CPU
		{AE477A67-1585-4FE2-AE05-4508C6ED417B}.Debug|Any CPU.Build.0 = Debug|Any CPU
		{AE477A67-1585-4FE2-AE05-4508C6ED417B}.Release|Any CPU.ActiveCfg = Release|Any CPU
		{AE477A67-1585-4FE2-AE05-4508C6ED417B}.Release|Any CPU.Build.0 = Release|Any CPU
	EndGlobalSection
EndGlobal
